
Microsoft Visual Studio Solution File, Format Version 12.00
# Visual Studio Version 17
VisualStudioVersion = 17.8.34309.116
MinimumVisualStudioVersion = 10.0.40219.1
Project("{FAE04EC0-301F-11D3-BF4B-00C04F79EFBC}") = "tpmodul5_1302223042", "tpmodul5_1302223042\tpmodul5_1302223042.csproj", "{C2CFD353-262E-42C0-9FF7-B96E2FE05A1D}"
EndProject
Global
	GlobalSection(SolutionConfigurationPlatforms) = preSolution
		Debug|Any CPU = Debug|Any CPU
		Release|Any CPU = Release|Any CPU
	EndGlobalSection
	GlobalSection(ProjectConfigurationPlatforms) = postSolution
		{C2CFD353-262E-42C0-9FF7-B96E2FE05A1D}.Debug|Any CPU.ActiveCfg = Debug|Any CPU
		{C2CFD353-262E-42C0-9FF7-B96E2FE05A1D}.Debug|Any CPU.Build.0 = Debug|Any CPU
		{C2CFD353-262E-42C0-9FF7-B96E2FE05A1D}.Release|Any CPU.ActiveCfg = Release|Any CPU
		{C2CFD353-262E-42C0-9FF7-B96E2FE05A1D}.Release|Any CPU.Build.0 = Release|Any CPU
	EndGlobalSection
	GlobalSection(SolutionProperties) = preSolution
		HideSolutionNode = FALSE
	EndGlobalSection
	GlobalSection(ExtensibilityGlobals) = postSolution
		SolutionGuid = {61C7F67C-E316-4A91-9B5D-3FC5C1845A92}
	EndGlobalSection
EndGlobal
